
Microsoft Visual Studio Solution File, Format Version 12.00
# Visual Studio Version 17
VisualStudioVersion = 17.10.35013.160
MinimumVisualStudioVersion = 10.0.40219.1
Project("{FAE04EC0-301F-11D3-BF4B-00C04F79EFBC}") = "Task6", "Task6\Task6.csproj", "{9ED36DE6-E5F0-46FC-A8E9-D44BB5734D2B}"
EndProject
Global
	GlobalSection(SolutionConfigurationPlatforms) = preSolution
		Debug|Any CPU = Debug|Any CPU
		Release|Any CPU = Release|Any CPU
	EndGlobalSection
	GlobalSection(ProjectConfigurationPlatforms) = postSolution
		{9ED36DE6-E5F0-46FC-A8E9-D44BB5734D2B}.Debug|Any CPU.ActiveCfg = Debug|Any CPU
		{9ED36DE6-E5F0-46FC-A8E9-D44BB5734D2B}.Debug|Any CPU.Build.0 = Debug|Any CPU
		{9ED36DE6-E5F0-46FC-A8E9-D44BB5734D2B}.Release|Any CPU.ActiveCfg = Release|Any CPU
		{9ED36DE6-E5F0-46FC-A8E9-D44BB5734D2B}.Release|Any CPU.Build.0 = Release|Any CPU
	EndGlobalSection
	GlobalSection(SolutionProperties) = preSolution
		HideSolutionNode = FALSE
	EndGlobalSection
	GlobalSection(ExtensibilityGlobals) = postSolution
		SolutionGuid = {2144054C-4247-478B-954D-3CC84A5DC423}
	EndGlobalSection
EndGlobal
